{
    "_meta": {
        "hash": {
            "sha256": "2860561949c21940bb40521dfdfd182925194f166ecacad006e6768bb7014cd7"
        },
        "pipfile-spec": 6,
        "requires": {
            "python_version": "3.7"
        },
        "sources": [
            {
                "name": "pypi",
                "url": "https://pypi.org/simple",
                "verify_ssl": true
            }
        ]
    },
    "default": {
        "cached-property": {
            "hashes": [
                "sha256:3a026f1a54135677e7da5ce819b0c690f156f37976f3e30c5430740725203d7f",
                "sha256:9217a59f14a5682da7c4b8829deadbfc194ac22e9908ccf7c8820234e80a1504"
            ],
            "index": "pypi",
            "version": "==1.5.1"
        },
        "property-cached": {
            "hashes": [
                "sha256:a1ccbfa6e8235798119ee8881981e344c0754a409f96a9d423f9c6e3a168aefc",
                "sha256:dda945000d0305b16d8df0e0771e77e7469d0f26618588580964203ca4310a9f"
            ],
            "index": "pypi",
            "version": "==1.6.2"
        }
    },
    "develop": {}
}
